
Microsoft Visual Studio Solution File, Format Version 12.00
# Visual Studio Version 18
VisualStudioVersion = 18.4.11612.150
MinimumVisualStudioVersion = 10.0.40219.1
Project("{FAE04EC0-301F-11D3-BF4B-00C04F79EFBC}") = "DDaS.Core", "DDaS.Core\DDaS.Core.csproj", "{520F3636-E9DC-404D-9759-52AEDB397D5F}"
EndProject
Project("{54A90642-561A-4BB1-A94E-469ADEE60C69}") = "ddas.client", "ddas.client\ddas.client.esproj", "{69412EDA-F52C-49AB-FDC1-689A7057A3D4}"
EndProject
Project("{FAE04EC0-301F-11D3-BF4B-00C04F79EFBC}") = "DDaS.Server", "DDaS.Server\DDaS.Server.csproj", "{7CB4D084-5739-41D9-BB0F-F8AEA5900AA9}"
EndProject
Project("{FAE04EC0-301F-11D3-BF4B-00C04F79EFBC}") = "DDaS.Tests", "DDaS.Tests\DDaS.Tests.csproj", "{936218B2-AF1F-4B8D-ACD8-DC4C80AF0FA0}"
EndProject
Project("{FAE04EC0-301F-11D3-BF4B-00C04F79EFBC}") = "DDaS.Server.Lib", "DDaS.Server.Lib\DDaS.Server.Lib.csproj", "{161374E8-18F8-4AD3-A50F-722F7B19742A}"
EndProject
Project("{FAE04EC0-301F-11D3-BF4B-00C04F79EFBC}") = "DDaS.Tests.Web", "DDaS.Tests.Web\DDaS.Tests.Web.csproj", "{BB7E0EAF-4B49-450E-A828-1CF7C3F17123}"
EndProject
Global
	GlobalSection(SolutionConfigurationPlatforms) = preSolution
		Debug|Any CPU = Debug|Any CPU
		Debug|x64 = Debug|x64
		Debug|x86 = Debug|x86
		Release|Any CPU = Release|Any CPU
		Release|x64 = Release|x64
		Release|x86 = Release|x86
	EndGlobalSection
	GlobalSection(ProjectConfigurationPlatforms) = postSolution
		{520F3636-E9DC-404D-9759-52AEDB397D5F}.Debug|Any CPU.ActiveCfg = Debug|Any CPU
		{520F3636-E9DC-404D-9759-52AEDB397D5F}.Debug|Any CPU.Build.0 = Debug|Any CPU
		{520F3636-E9DC-404D-9759-52AEDB397D5F}.Debug|x64.ActiveCfg = Debug|Any CPU
		{520F3636-E9DC-404D-9759-52AEDB397D5F}.Debug|x64.Build.0 = Debug|Any CPU
		{520F3636-E9DC-404D-9759-52AEDB397D5F}.Debug|x86.ActiveCfg = Debug|Any CPU
		{520F3636-E9DC-404D-9759-52AEDB397D5F}.Debug|x86.Build.0 = Debug|Any CPU
		{520F3636-E9DC-404D-9759-52AEDB397D5F}.Release|Any CPU.ActiveCfg = Release|Any CPU
		{520F3636-E9DC-404D-9759-52AEDB397D5F}.Release|Any CPU.Build.0 = Release|Any CPU
		{520F3636-E9DC-404D-9759-52AEDB397D5F}.Release|x64.ActiveCfg = Release|Any CPU
		{520F3636-E9DC-404D-9759-52AEDB397D5F}.Release|x64.Build.0 = Release|Any CPU
		{520F3636-E9DC-404D-9759-52AEDB397D5F}.Release|x86.ActiveCfg = Release|Any CPU
		{520F3636-E9DC-404D-9759-52AEDB397D5F}.Release|x86.Build.0 = Release|Any CPU
		{69412EDA-F52C-49AB-FDC1-689A7057A3D4}.Debug|Any CPU.ActiveCfg = Debug|Any CPU
		{69412EDA-F52C-49AB-FDC1-689A7057A3D4}.Debug|Any CPU.Build.0 = Debug|Any CPU
		{69412EDA-F52C-49AB-FDC1-689A7057A3D4}.Debug|Any CPU.Deploy.0 = Debug|Any CPU
		{69412EDA-F52C-49AB-FDC1-689A7057A3D4}.Debug|x64.ActiveCfg = Debug|Any CPU
		{69412EDA-F52C-49AB-FDC1-689A7057A3D4}.Debug|x64.Build.0 = Debug|Any CPU
		{69412EDA-F52C-49AB-FDC1-689A7057A3D4}.Debug|x64.Deploy.0 = Debug|Any CPU
		{69412EDA-F52C-49AB-FDC1-689A7057A3D4}.Debug|x86.ActiveCfg = Debug|Any CPU
		{69412EDA-F52C-49AB-FDC1-689A7057A3D4}.Debug|x86.Build.0 = Debug|Any CPU
		{69412EDA-F52C-49AB-FDC1-689A7057A3D4}.Debug|x86.Deploy.0 = Debug|Any CPU
		{69412EDA-F52C-49AB-FDC1-689A7057A3D4}.Release|Any CPU.ActiveCfg = Release|Any CPU
		{69412EDA-F52C-49AB-FDC1-689A7057A3D4}.Release|Any CPU.Build.0 = Release|Any CPU
		{69412EDA-F52C-49AB-FDC1-689A7057A3D4}.Release|Any CPU.Deploy.0 = Release|Any CPU
		{69412EDA-F52C-49AB-FDC1-689A7057A3D4}.Release|x64.ActiveCfg = Release|Any CPU
		{69412EDA-F52C-49AB-FDC1-689A7057A3D4}.Release|x64.Build.0 = Release|Any CPU
		{69412EDA-F52C-49AB-FDC1-689A7057A3D4}.Release|x64.Deploy.0 = Release|Any CPU
		{69412EDA-F52C-49AB-FDC1-689A7057A3D4}.Release|x86.ActiveCfg = Release|Any CPU
		{69412EDA-F52C-49AB-FDC1-689A7057A3D4}.Release|x86.Build.0 = Release|Any CPU
		{69412EDA-F52C-49AB-FDC1-689A7057A3D4}.Release|x86.Deploy.0 = Release|Any CPU
		{7CB4D084-5739-41D9-BB0F-F8AEA5900AA9}.Debug|Any CPU.ActiveCfg = Debug|Any CPU
		{7CB4D084-5739-41D9-BB0F-F8AEA5900AA9}.Debug|Any CPU.Build.0 = Debug|Any CPU
		{7CB4D084-5739-41D9-BB0F-F8AEA5900AA9}.Debug|x64.ActiveCfg = Debug|Any CPU
		{7CB4D084-5739-41D9-BB0F-F8AEA5900AA9}.Debug|x64.Build.0 = Debug|Any CPU
		{7CB4D084-5739-41D9-BB0F-F8AEA5900AA9}.Debug|x86.ActiveCfg = Debug|Any CPU
		{7CB4D084-5739-41D9-BB0F-F8AEA5900AA9}.Debug|x86.Build.0 = Debug|Any CPU
		{7CB4D084-5739-41D9-BB0F-F8AEA5900AA9}.Release|Any CPU.ActiveCfg = Release|Any CPU
		{7CB4D084-5739-41D9-BB0F-F8AEA5900AA9}.Release|Any CPU.Build.0 = Release|Any CPU
		{7CB4D084-5739-41D9-BB0F-F8AEA5900AA9}.Release|x64.ActiveCfg = Release|Any CPU
		{7CB4D084-5739-41D9-BB0F-F8AEA5900AA9}.Release|x64.Build.0 = Release|Any CPU
		{7CB4D084-5739-41D9-BB0F-F8AEA5900AA9}.Release|x86.ActiveCfg = Release|Any CPU
		{7CB4D084-5739-41D9-BB0F-F8AEA5900AA9}.Release|x86.Build.0 = Release|Any CPU
		{936218B2-AF1F-4B8D-ACD8-DC4C80AF0FA0}.Debug|Any CPU.ActiveCfg = Debug|Any CPU
		{936218B2-AF1F-4B8D-ACD8-DC4C80AF0FA0}.Debug|Any CPU.Build.0 = Debug|Any CPU
		{936218B2-AF1F-4B8D-ACD8-DC4C80AF0FA0}.Debug|x64.ActiveCfg = Debug|Any CPU
		{936218B2-AF1F-4B8D-ACD8-DC4C80AF0FA0}.Debug|x64.Build.0 = Debug|Any CPU
		{936218B2-AF1F-4B8D-ACD8-DC4C80AF0FA0}.Debug|x86.ActiveCfg = Debug|Any CPU
		{936218B2-AF1F-4B8D-ACD8-DC4C80AF0FA0}.Debug|x86.Build.0 = Debug|Any CPU
		{936218B2-AF1F-4B8D-ACD8-DC4C80AF0FA0}.Release|Any CPU.ActiveCfg = Release|Any CPU
		{936218B2-AF1F-4B8D-ACD8-DC4C80AF0FA0}.Release|Any CPU.Build.0 = Release|Any CPU
		{936218B2-AF1F-4B8D-ACD8-DC4C80AF0FA0}.Release|x64.ActiveCfg = Release|Any CPU
		{936218B2-AF1F-4B8D-ACD8-DC4C80AF0FA0}.Release|x64.Build.0 = Release|Any CPU
		{936218B2-AF1F-4B8D-ACD8-DC4C80AF0FA0}.Release|x86.ActiveCfg = Release|Any CPU
		{936218B2-AF1F-4B8D-ACD8-DC4C80AF0FA0}.Release|x86.Build.0 = Release|Any CPU
		{161374E8-18F8-4AD3-A50F-722F7B19742A}.Debug|Any CPU.ActiveCfg = Debug|Any CPU
		{161374E8-18F8-4AD3-A50F-722F7B19742A}.Debug|Any CPU.Build.0 = Debug|Any CPU
		{161374E8-18F8-4AD3-A50F-722F7B19742A}.Debug|x64.ActiveCfg = Debug|Any CPU
		{161374E8-18F8-4AD3-A50F-722F7B19742A}.Debug|x64.Build.0 = Debug|Any CPU
		{161374E8-18F8-4AD3-A50F-722F7B19742A}.Debug|x86.ActiveCfg = Debug|Any CPU
		{161374E8-18F8-4AD3-A50F-722F7B19742A}.Debug|x86.Build.0 = Debug|Any CPU
		{161374E8-18F8-4AD3-A50F-722F7B19742A}.Release|Any CPU.ActiveCfg = Release|Any CPU
		{161374E8-18F8-4AD3-A50F-722F7B19742A}.Release|Any CPU.Build.0 = Release|Any CPU
		{161374E8-18F8-4AD3-A50F-722F7B19742A}.Release|x64.ActiveCfg = Release|Any CPU
		{161374E8-18F8-4AD3-A50F-722F7B19742A}.Release|x64.Build.0 = Release|Any CPU
		{161374E8-18F8-4AD3-A50F-722F7B19742A}.Release|x86.ActiveCfg = Release|Any CPU
		{161374E8-18F8-4AD3-A50F-722F7B19742A}.Release|x86.Build.0 = Release|Any CPU
		{BB7E0EAF-4B49-450E-A828-1CF7C3F17123}.Debug|Any CPU.ActiveCfg = Debug|Any CPU
		{BB7E0EAF-4B49-450E-A828-1CF7C3F17123}.Debug|Any CPU.Build.0 = Debug|Any CPU
		{BB7E0EAF-4B49-450E-A828-1CF7C3F17123}.Debug|x64.ActiveCfg = Debug|Any CPU
		{BB7E0EAF-4B49-450E-A828-1CF7C3F17123}.Debug|x64.Build.0 = Debug|Any CPU
		{BB7E0EAF-4B49-450E-A828-1CF7C3F17123}.Debug|x86.ActiveCfg = Debug|Any CPU
		{BB7E0EAF-4B49-450E-A828-1CF7C3F17123}.Debug|x86.Build.0 = Debug|Any CPU
		{BB7E0EAF-4B49-450E-A828-1CF7C3F17123}.Release|Any CPU.ActiveCfg = Release|Any CPU
		{BB7E0EAF-4B49-450E-A828-1CF7C3F17123}.Release|Any CPU.Build.0 = Release|Any CPU
		{BB7E0EAF-4B49-450E-A828-1CF7C3F17123}.Release|x64.ActiveCfg = Release|Any CPU
		{BB7E0EAF-4B49-450E-A828-1CF7C3F17123}.Release|x64.Build.0 = Release|Any CPU
		{BB7E0EAF-4B49-450E-A828-1CF7C3F17123}.Release|x86.ActiveCfg = Release|Any CPU
		{BB7E0EAF-4B49-450E-A828-1CF7C3F17123}.Release|x86.Build.0 = Release|Any CPU
	EndGlobalSection
	GlobalSection(SolutionProperties) = preSolution
		HideSolutionNode = FALSE
	EndGlobalSection
	GlobalSection(ExtensibilityGlobals) = postSolution
		SolutionGuid = {CF487348-0AEE-4A30-AE67-C792D238D9DA}
	EndGlobalSection
EndGlobal
